// !$*UTF8*$!
{
	archiveVersion = 1;
	classes = {
	};
	objectVersion = 77;
	objects = {

/* Begin PBXBuildFile section */
		DB216D522CC2F6B200EF5987 /* libboost_serialization.dylib in Embed Libraries */ = {isa = PBXBuildFile; fileRef = DB216D4F2CC2F0EC00EF5987 /* libboost_serialization.dylib */; settings = {ATTRIBUTES = (CodeSignOnCopy, ); }; };
		DB216D542CC2F6E900EF5987 /* libboost_serialization.dylib in Frameworks */ = {isa = PBXBuildFile; fileRef = DB216D4F2CC2F0EC00EF5987 /* libboost_serialization.dylib */; };
		DB216D572CC2FE1200EF5987 /* libz.1.3.1.dylib in Embed Libraries */ = {isa = PBXBuildFile; fileRef = DB216D552CC2FE0D00EF5987 /* libz.1.3.1.dylib */; settings = {ATTRIBUTES = (CodeSignOnCopy, ); }; };
		DB216D5D2CC3022900EF5987 /* libboost_iostreams.dylib in Frameworks */ = {isa = PBXBuildFile; fileRef = DB216D5C2CC3022900EF5987 /* libboost_iostreams.dylib */; };
		DB216D5E2CC3024700EF5987 /* libboost_iostreams.dylib in Embed Libraries */ = {isa = PBXBuildFile; fileRef = DB216D5C2CC3022900EF5987 /* libboost_iostreams.dylib */; settings = {ATTRIBUTES = (CodeSignOnCopy, ); }; };
		DB216D602CC303BA00EF5987 /* liblzma.5.dylib in Frameworks */ = {isa = PBXBuildFile; fileRef = DB216D5F2CC303BA00EF5987 /* liblzma.5.dylib */; };
		DB216D612CC303BF00EF5987 /* liblzma.5.dylib in Embed Libraries */ = {isa = PBXBuildFile; fileRef = DB216D5F2CC303BA00EF5987 /* liblzma.5.dylib */; settings = {ATTRIBUTES = (CodeSignOnCopy, ); }; };
		DB216D632CC3055A00EF5987 /* libzstd.1.5.6.dylib in Frameworks */ = {isa = PBXBuildFile; fileRef = DB216D622CC3055A00EF5987 /* libzstd.1.5.6.dylib */; };
		DB216D642CC3055F00EF5987 /* libzstd.1.5.6.dylib in Embed Libraries */ = {isa = PBXBuildFile; fileRef = DB216D622CC3055A00EF5987 /* libzstd.1.5.6.dylib */; settings = {ATTRIBUTES = (CodeSignOnCopy, ); }; };
/* End PBXBuildFile section */

/* Begin PBXCopyFilesBuildPhase section */
		DB216D112CC2B7BA00EF5987 /* CopyFiles */ = {
			isa = PBXCopyFilesBuildPhase;
			buildActionMask = 2147483647;
			dstPath = /usr/share/man/man1/;
			dstSubfolderSpec = 0;
			files = (
			);
			runOnlyForDeploymentPostprocessing = 1;
		};
		DB216D532CC2F6B200EF5987 /* Embed Libraries */ = {
			isa = PBXCopyFilesBuildPhase;
			buildActionMask = 12;
			dstPath = "";
			dstSubfolderSpec = 10;
			files = (
				DB216D5E2CC3024700EF5987 /* libboost_iostreams.dylib in Embed Libraries */,
				DB216D572CC2FE1200EF5987 /* libz.1.3.1.dylib in Embed Libraries */,
				DB216D642CC3055F00EF5987 /* libzstd.1.5.6.dylib in Embed Libraries */,
				DB216D522CC2F6B200EF5987 /* libboost_serialization.dylib in Embed Libraries */,
				DB216D612CC303BF00EF5987 /* liblzma.5.dylib in Embed Libraries */,
			);
			name = "Embed Libraries";
			runOnlyForDeploymentPostprocessing = 0;
		};
/* End PBXCopyFilesBuildPhase section */

/* Begin PBXFileReference section */
		DB216D132CC2B7BA00EF5987 /* RENIEC_api */ = {isa = PBXFileReference; explicitFileType = "compiled.mach-o.executable"; includeInIndex = 0; path = RENIEC_api; sourceTree = BUILT_PRODUCTS_DIR; };
		DB216D4F2CC2F0EC00EF5987 /* libboost_serialization.dylib */ = {isa = PBXFileReference; lastKnownFileType = "compiled.mach-o.dylib"; name = libboost_serialization.dylib; path = ../../../../../opt/homebrew/Cellar/boost/1.85.0/lib/libboost_serialization.dylib; sourceTree = "<group>"; };
		DB216D552CC2FE0D00EF5987 /* libz.1.3.1.dylib */ = {isa = PBXFileReference; lastKnownFileType = "compiled.mach-o.dylib"; name = libz.1.3.1.dylib; path = ../../../../../opt/homebrew/Cellar/zlib/1.3.1/lib/libz.1.3.1.dylib; sourceTree = "<group>"; };
		DB216D5C2CC3022900EF5987 /* libboost_iostreams.dylib */ = {isa = PBXFileReference; lastKnownFileType = "compiled.mach-o.dylib"; name = libboost_iostreams.dylib; path = ../../../../../opt/homebrew/Cellar/boost/1.85.0/lib/libboost_iostreams.dylib; sourceTree = "<group>"; };
		DB216D5F2CC303BA00EF5987 /* liblzma.5.dylib */ = {isa = PBXFileReference; lastKnownFileType = "compiled.mach-o.dylib"; name = liblzma.5.dylib; path = ../../../../../opt/homebrew/Cellar/xz/5.6.3/lib/liblzma.5.dylib; sourceTree = "<group>"; };
		DB216D622CC3055A00EF5987 /* libzstd.1.5.6.dylib */ = {isa = PBXFileReference; lastKnownFileType = "compiled.mach-o.dylib"; name = libzstd.1.5.6.dylib; path = ../../../../../opt/homebrew/Cellar/zstd/1.5.6/lib/libzstd.1.5.6.dylib; sourceTree = "<group>"; };
/* End PBXFileReference section */

/* Begin PBXFileSystemSynchronizedRootGroup section */
		DB216D152CC2B7BA00EF5987 /* RENIEC_api */ = {
			isa = PBXFileSystemSynchronizedRootGroup;
			path = RENIEC_api;
			sourceTree = "<group>";
		};
/* End PBXFileSystemSynchronizedRootGroup section */

/* Begin PBXFrameworksBuildPhase section */
		DB216D102CC2B7BA00EF5987 /* Frameworks */ = {
			isa = PBXFrameworksBuildPhase;
			buildActionMask = 2147483647;
			files = (
				DB216D632CC3055A00EF5987 /* libzstd.1.5.6.dylib in Frameworks */,
				DB216D5D2CC3022900EF5987 /* libboost_iostreams.dylib in Frameworks */,
				DB216D602CC303BA00EF5987 /* liblzma.5.dylib in Frameworks */,
				DB216D542CC2F6E900EF5987 /* libboost_serialization.dylib in Frameworks */,
			);
			runOnlyForDeploymentPostprocessing = 0;
		};
/* End PBXFrameworksBuildPhase section */

/* Begin PBXGroup section */
		DB216D0A2CC2B7BA00EF5987 = {
			isa = PBXGroup;
			children = (
				DB216D152CC2B7BA00EF5987 /* RENIEC_api */,
				DB216D4E2CC2F0EC00EF5987 /* Frameworks */,
				DB216D142CC2B7BA00EF5987 /* Products */,
			);
			sourceTree = "<group>";
		};
		DB216D142CC2B7BA00EF5987 /* Products */ = {
			isa = PBXGroup;
			children = (
				DB216D132CC2B7BA00EF5987 /* RENIEC_api */,
			);
			name = Products;
			sourceTree = "<group>";
		};
		DB216D4E2CC2F0EC00EF5987 /* Frameworks */ = {
			isa = PBXGroup;
			children = (
				DB216D622CC3055A00EF5987 /* libzstd.1.5.6.dylib */,
				DB216D5F2CC303BA00EF5987 /* liblzma.5.dylib */,
				DB216D5C2CC3022900EF5987 /* libboost_iostreams.dylib */,
				DB216D552CC2FE0D00EF5987 /* libz.1.3.1.dylib */,
				DB216D4F2CC2F0EC00EF5987 /* libboost_serialization.dylib */,
			);
			name = Frameworks;
			sourceTree = "<group>";
		};
/* End PBXGroup section */

/* Begin PBXNativeTarget section */
		DB216D122CC2B7BA00EF5987 /* RENIEC_api */ = {
			isa = PBXNativeTarget;
			buildConfigurationList = DB216D1A2CC2B7BA00EF5987 /* Build configuration list for PBXNativeTarget "RENIEC_api" */;
			buildPhases = (
				DB216D0F2CC2B7BA00EF5987 /* Sources */,
				DB216D102CC2B7BA00EF5987 /* Frameworks */,
				DB216D112CC2B7BA00EF5987 /* CopyFiles */,
				DB216D532CC2F6B200EF5987 /* Embed Libraries */,
			);
			buildRules = (
			);
			dependencies = (
			);
			fileSystemSynchronizedGroups = (
				DB216D152CC2B7BA00EF5987 /* RENIEC_api */,
			);
			name = RENIEC_api;
			packageProductDependencies = (
			);
			productName = RENIEC_api;
			productReference = DB216D132CC2B7BA00EF5987 /* RENIEC_api */;
			productType = "com.apple.product-type.tool";
		};
/* End PBXNativeTarget section */

/* Begin PBXProject section */
		DB216D0B2CC2B7BA00EF5987 /* Project object */ = {
			isa = PBXProject;
			attributes = {
				BuildIndependentTargetsInParallel = 1;
				LastUpgradeCheck = 1600;
				TargetAttributes = {
					DB216D122CC2B7BA00EF5987 = {
						CreatedOnToolsVersion = 16.0;
					};
				};
			};
			buildConfigurationList = DB216D0E2CC2B7BA00EF5987 /* Build configuration list for PBXProject "RENIEC_api" */;
			developmentRegion = en;
			hasScannedForEncodings = 0;
			knownRegions = (
				en,
				Base,
			);
			mainGroup = DB216D0A2CC2B7BA00EF5987;
			minimizedProjectReferenceProxies = 1;
			preferredProjectObjectVersion = 77;
			productRefGroup = DB216D142CC2B7BA00EF5987 /* Products */;
			projectDirPath = "";
			projectRoot = "";
			targets = (
				DB216D122CC2B7BA00EF5987 /* RENIEC_api */,
			);
		};
/* End PBXProject section */

/* Begin PBXSourcesBuildPhase section */
		DB216D0F2CC2B7BA00EF5987 /* Sources */ = {
			isa = PBXSourcesBuildPhase;
			buildActionMask = 2147483647;
			files = (
			);
			runOnlyForDeploymentPostprocessing = 0;
		};
/* End PBXSourcesBuildPhase section */

/* Begin XCBuildConfiguration section */
		DB216D182CC2B7BA00EF5987 /* Debug */ = {
			isa = XCBuildConfiguration;
			buildSettings = {
				ALWAYS_SEARCH_USER_PATHS = NO;
				ASSETCATALOG_COMPILER_GENERATE_SWIFT_ASSET_SYMBOL_EXTENSIONS = YES;
				CLANG_ANALYZER_NONNULL = YES;
				CLANG_ANALYZER_NUMBER_OBJECT_CONVERSION = YES_AGGRESSIVE;
				CLANG_CXX_LANGUAGE_STANDARD = "gnu++20";
				CLANG_ENABLE_MODULES = YES;
				CLANG_ENABLE_OBJC_ARC = YES;
				CLANG_ENABLE_OBJC_WEAK = YES;
				CLANG_WARN_BLOCK_CAPTURE_AUTORELEASING = YES;
				CLANG_WARN_BOOL_CONVERSION = YES;
				CLANG_WARN_COMMA = YES;
				CLANG_WARN_CONSTANT_CONVERSION = YES;
				CLANG_WARN_DEPRECATED_OBJC_IMPLEMENTATIONS = YES;
				CLANG_WARN_DIRECT_OBJC_ISA_USAGE = YES_ERROR;
				CLANG_WARN_DOCUMENTATION_COMMENTS = YES;
				CLANG_WARN_EMPTY_BODY = YES;
				CLANG_WARN_ENUM_CONVERSION = YES;
				CLANG_WARN_INFINITE_RECURSION = YES;
				CLANG_WARN_INT_CONVERSION = YES;
				CLANG_WARN_NON_LITERAL_NULL_CONVERSION = YES;
				CLANG_WARN_OBJC_IMPLICIT_RETAIN_SELF = YES;
				CLANG_WARN_OBJC_LITERAL_CONVERSION = YES;
				CLANG_WARN_OBJC_ROOT_CLASS = YES_ERROR;
				CLANG_WARN_QUOTED_INCLUDE_IN_FRAMEWORK_HEADER = YES;
				CLANG_WARN_RANGE_LOOP_ANALYSIS = YES;
				CLANG_WARN_STRICT_PROTOTYPES = YES;
				CLANG_WARN_SUSPICIOUS_MOVE = YES;
				CLANG_WARN_UNGUARDED_AVAILABILITY = YES_AGGRESSIVE;
				CLANG_WARN_UNREACHABLE_CODE = YES;
				CLANG_WARN__DUPLICATE_METHOD_MATCH = YES;
				COPY_PHASE_STRIP = NO;
				DEBUG_INFORMATION_FORMAT = dwarf;
				ENABLE_STRICT_OBJC_MSGSEND = YES;
				ENABLE_TESTABILITY = YES;
				ENABLE_USER_SCRIPT_SANDBOXING = YES;
				GCC_C_LANGUAGE_STANDARD = gnu17;
				GCC_DYNAMIC_NO_PIC = NO;
				GCC_NO_COMMON_BLOCKS = YES;
				GCC_OPTIMIZATION_LEVEL = 0;
				GCC_PREPROCESSOR_DEFINITIONS = (
					"DEBUG=1",
					"$(inherited)",
				);
				GCC_WARN_64_TO_32_BIT_CONVERSION = YES;
				GCC_WARN_ABOUT_RETURN_TYPE = YES_ERROR;
				GCC_WARN_UNDECLARED_SELECTOR = YES;
				GCC_WARN_UNINITIALIZED_AUTOS = YES_AGGRESSIVE;
				GCC_WARN_UNUSED_FUNCTION = YES;
				GCC_WARN_UNUSED_VARIABLE = YES;
				LOCALIZATION_PREFERS_STRING_CATALOGS = YES;
				MACOSX_DEPLOYMENT_TARGET = 15.0;
				MTL_ENABLE_DEBUG_INFO = INCLUDE_SOURCE;
				MTL_FAST_MATH = YES;
				ONLY_ACTIVE_ARCH = YES;
				SDKROOT = macosx;
			};
			name = Debug;
		};
		DB216D192CC2B7BA00EF5987 /* Release */ = {
			isa = XCBuildConfiguration;
			buildSettings = {
				ALWAYS_SEARCH_USER_PATHS = NO;
				ASSETCATALOG_COMPILER_GENERATE_SWIFT_ASSET_SYMBOL_EXTENSIONS = YES;
				CLANG_ANALYZER_NONNULL = YES;
				CLANG_ANALYZER_NUMBER_OBJECT_CONVERSION = YES_AGGRESSIVE;
				CLANG_CXX_LANGUAGE_STANDARD = "gnu++20";
				CLANG_ENABLE_MODULES = YES;
				CLANG_ENABLE_OBJC_ARC = YES;
				CLANG_ENABLE_OBJC_WEAK = YES;
				CLANG_WARN_BLOCK_CAPTURE_AUTORELEASING = YES;
				CLANG_WARN_BOOL_CONVERSION = YES;
				CLANG_WARN_COMMA = YES;
				CLANG_WARN_CONSTANT_CONVERSION = YES;
				CLANG_WARN_DEPRECATED_OBJC_IMPLEMENTATIONS = YES;
				CLANG_WARN_DIRECT_OBJC_ISA_USAGE = YES_ERROR;
				CLANG_WARN_DOCUMENTATION_COMMENTS = YES;
				CLANG_WARN_EMPTY_BODY = YES;
				CLANG_WARN_ENUM_CONVERSION = YES;
				CLANG_WARN_INFINITE_RECURSION = YES;
				CLANG_WARN_INT_CONVERSION = YES;
				CLANG_WARN_NON_LITERAL_NULL_CONVERSION = YES;
				CLANG_WARN_OBJC_IMPLICIT_RETAIN_SELF = YES;
				CLANG_WARN_OBJC_LITERAL_CONVERSION = YES;
				CLANG_WARN_OBJC_ROOT_CLASS = YES_ERROR;
				CLANG_WARN_QUOTED_INCLUDE_IN_FRAMEWORK_HEADER = YES;
				CLANG_WARN_RANGE_LOOP_ANALYSIS = YES;
				CLANG_WARN_STRICT_PROTOTYPES = YES;
				CLANG_WARN_SUSPICIOUS_MOVE = YES;
				CLANG_WARN_UNGUARDED_AVAILABILITY = YES_AGGRESSIVE;
				CLANG_WARN_UNREACHABLE_CODE = YES;
				CLANG_WARN__DUPLICATE_METHOD_MATCH = YES;
				COPY_PHASE_STRIP = NO;
				DEBUG_INFORMATION_FORMAT = "dwarf-with-dsym";
				ENABLE_NS_ASSERTIONS = NO;
				ENABLE_STRICT_OBJC_MSGSEND = YES;
				ENABLE_USER_SCRIPT_SANDBOXING = YES;
				GCC_C_LANGUAGE_STANDARD = gnu17;
				GCC_NO_COMMON_BLOCKS = YES;
				GCC_WARN_64_TO_32_BIT_CONVERSION = YES;
				GCC_WARN_ABOUT_RETURN_TYPE = YES_ERROR;
				GCC_WARN_UNDECLARED_SELECTOR = YES;
				GCC_WARN_UNINITIALIZED_AUTOS = YES_AGGRESSIVE;
				GCC_WARN_UNUSED_FUNCTION = YES;
				GCC_WARN_UNUSED_VARIABLE = YES;
				LOCALIZATION_PREFERS_STRING_CATALOGS = YES;
				MACOSX_DEPLOYMENT_TARGET = 15.0;
				MTL_ENABLE_DEBUG_INFO = NO;
				MTL_FAST_MATH = YES;
				SDKROOT = macosx;
			};
			name = Release;
		};
		DB216D1B2CC2B7BA00EF5987 /* Debug */ = {
			isa = XCBuildConfiguration;
			buildSettings = {
				CODE_SIGN_STYLE = Automatic;
				DEVELOPMENT_TEAM = XY6CQC79KD;
				ENABLE_HARDENED_RUNTIME = YES;
				HEADER_SEARCH_PATHS = /opt/homebrew/include;
				LD_RUNPATH_SEARCH_PATHS = /opt/homebrew/lib;
				LIBRARY_SEARCH_PATHS = /opt/homebrew/lib;
				OTHER_LDFLAGS = (
					"-lboost_serialization",
					"-lboost_iostreams",
					"-lz",
					"-lzstd",
				);
				PRODUCT_NAME = "$(TARGET_NAME)";
			};
			name = Debug;
		};
		DB216D1C2CC2B7BA00EF5987 /* Release */ = {
			isa = XCBuildConfiguration;
			buildSettings = {
				CODE_SIGN_STYLE = Automatic;
				DEVELOPMENT_TEAM = XY6CQC79KD;
				ENABLE_HARDENED_RUNTIME = YES;
				HEADER_SEARCH_PATHS = /opt/homebrew/include;
				LD_RUNPATH_SEARCH_PATHS = /opt/homebrew/lib;
				LIBRARY_SEARCH_PATHS = /opt/homebrew/lib;
				OTHER_LDFLAGS = (
					"-lboost_serialization",
					"-lboost_iostreams",
					"-lz",
					"-lzstd",
				);
				PRODUCT_NAME = "$(TARGET_NAME)";
			};
			name = Release;
		};
/* End XCBuildConfiguration section */

/* Begin XCConfigurationList section */
		DB216D0E2CC2B7BA00EF5987 /* Build configuration list for PBXProject "RENIEC_api" */ = {
			isa = XCConfigurationList;
			buildConfigurations = (
				DB216D182CC2B7BA00EF5987 /* Debug */,
				DB216D192CC2B7BA00EF5987 /* Release */,
			);
			defaultConfigurationIsVisible = 0;
			defaultConfigurationName = Release;
		};
		DB216D1A2CC2B7BA00EF5987 /* Build configuration list for PBXNativeTarget "RENIEC_api" */ = {
			isa = XCConfigurationList;
			buildConfigurations = (
				DB216D1B2CC2B7BA00EF5987 /* Debug */,
				DB216D1C2CC2B7BA00EF5987 /* Release */,
			);
			defaultConfigurationIsVisible = 0;
			defaultConfigurationName = Release;
		};
/* End XCConfigurationList section */
	};
	rootObject = DB216D0B2CC2B7BA00EF5987 /* Project object */;
}
